
Microsoft Visual Studio Solution File, Format Version 12.00
# Visual Studio 14
VisualStudioVersion = 14.0.24720.0
MinimumVisualStudioVersion = 10.0.40219.1
Project("{FAE04EC0-301F-11D3-BF4B-00C04F79EFBC}") = "TimisComplaints.WebApi", "TimisComplaints.WebApi\TimisComplaints.WebApi.csproj", "{93EDABFC-7449-4D2A-8B91-79AF7612048C}"
EndProject
Project("{2150E333-8FDC-42A3-9474-1A3956D46DE8}") = "Presentation", "Presentation", "{0A7692BF-0A1C-4AF0-95DF-6CD493E64AC7}"
EndProject
Project("{2150E333-8FDC-42A3-9474-1A3956D46DE8}") = "DataLayer", "DataLayer", "{A9E611F3-16F8-484D-BDF6-BB3326F53300}"
EndProject
Project("{00D1A9C2-B5F0-4AF3-8072-F6C62B433612}") = "TimisComplaints.Database", "TimisComplaints.Database\TimisComplaints.Database.sqlproj", "{E28C4B43-61BA-4195-86F0-424F5F85636B}"
EndProject
Project("{FAE04EC0-301F-11D3-BF4B-00C04F79EFBC}") = "TimisComplaints.DataLayer", "TimisComplaints.DataLayer\TimisComplaints.DataLayer.csproj", "{FFE5D856-0B5A-41B8-88EC-420645D1897B}"
EndProject
Project("{2150E333-8FDC-42A3-9474-1A3956D46DE8}") = "BusinessLogicLayer", "BusinessLogicLayer", "{962F3695-F0FD-4830-9951-687D264DC5AA}"
EndProject
Project("{FAE04EC0-301F-11D3-BF4B-00C04F79EFBC}") = "TimisComplaints.BusinessLogicLayer", "TimisComplaints.BusinessLogicLayer\TimisComplaints.BusinessLogicLayer.csproj", "{C7064D14-E25A-46CE-A7A0-4045AD9D5386}"
EndProject
Global
	GlobalSection(SolutionConfigurationPlatforms) = preSolution
		Debug|Any CPU = Debug|Any CPU
		Release|Any CPU = Release|Any CPU
	EndGlobalSection
	GlobalSection(ProjectConfigurationPlatforms) = postSolution
		{93EDABFC-7449-4D2A-8B91-79AF7612048C}.Debug|Any CPU.ActiveCfg = Debug|Any CPU
		{93EDABFC-7449-4D2A-8B91-79AF7612048C}.Debug|Any CPU.Build.0 = Debug|Any CPU
		{93EDABFC-7449-4D2A-8B91-79AF7612048C}.Release|Any CPU.ActiveCfg = Release|Any CPU
		{93EDABFC-7449-4D2A-8B91-79AF7612048C}.Release|Any CPU.Build.0 = Release|Any CPU
		{E28C4B43-61BA-4195-86F0-424F5F85636B}.Debug|Any CPU.ActiveCfg = Debug|Any CPU
		{E28C4B43-61BA-4195-86F0-424F5F85636B}.Debug|Any CPU.Build.0 = Debug|Any CPU
		{E28C4B43-61BA-4195-86F0-424F5F85636B}.Debug|Any CPU.Deploy.0 = Debug|Any CPU
		{E28C4B43-61BA-4195-86F0-424F5F85636B}.Release|Any CPU.ActiveCfg = Release|Any CPU
		{E28C4B43-61BA-4195-86F0-424F5F85636B}.Release|Any CPU.Build.0 = Release|Any CPU
		{E28C4B43-61BA-4195-86F0-424F5F85636B}.Release|Any CPU.Deploy.0 = Release|Any CPU
		{FFE5D856-0B5A-41B8-88EC-420645D1897B}.Debug|Any CPU.ActiveCfg = Debug|Any CPU
		{FFE5D856-0B5A-41B8-88EC-420645D1897B}.Debug|Any CPU.Build.0 = Debug|Any CPU
		{FFE5D856-0B5A-41B8-88EC-420645D1897B}.Release|Any CPU.ActiveCfg = Release|Any CPU
		{FFE5D856-0B5A-41B8-88EC-420645D1897B}.Release|Any CPU.Build.0 = Release|Any CPU
		{C7064D14-E25A-46CE-A7A0-4045AD9D5386}.Debug|Any CPU.ActiveCfg = Debug|Any CPU
		{C7064D14-E25A-46CE-A7A0-4045AD9D5386}.Debug|Any CPU.Build.0 = Debug|Any CPU
		{C7064D14-E25A-46CE-A7A0-4045AD9D5386}.Release|Any CPU.ActiveCfg = Release|Any CPU
		{C7064D14-E25A-46CE-A7A0-4045AD9D5386}.Release|Any CPU.Build.0 = Release|Any CPU
	EndGlobalSection
	GlobalSection(SolutionProperties) = preSolution
		HideSolutionNode = FALSE
	EndGlobalSection
	GlobalSection(NestedProjects) = preSolution
		{93EDABFC-7449-4D2A-8B91-79AF7612048C} = {0A7692BF-0A1C-4AF0-95DF-6CD493E64AC7}
		{E28C4B43-61BA-4195-86F0-424F5F85636B} = {A9E611F3-16F8-484D-BDF6-BB3326F53300}
		{FFE5D856-0B5A-41B8-88EC-420645D1897B} = {A9E611F3-16F8-484D-BDF6-BB3326F53300}
		{C7064D14-E25A-46CE-A7A0-4045AD9D5386} = {962F3695-F0FD-4830-9951-687D264DC5AA}
	EndGlobalSection
EndGlobal
